{
  "name": "mern",
  "version": "1.0.0",
  "lockfileVersion": 1,
  "requires": true,
  "dependencies": {
    "@mdi/js": {
      "version": "2.8.94",
      "resolved": "https://registry.npmjs.org/@mdi/js/-/js-2.8.94.tgz",
      "integrity": "sha512-5gJo40z/9CUrHHOSy5ExHXhOB3tikSZy+vVEFl3w6G+eAzursWu2dOgpzzew/URshcmxowbx1F30Dj0WIRcbmQ=="
    },
    "@mdi/react": {
      "version": "1.0.1",
      "resolved": "https://registry.npmjs.org/@mdi/react/-/react-1.0.1.tgz",
      "integrity": "sha512-R9Ajc4fI758+WOwtPOM4Mv+rgDgdtcBvsGm/9xEh820jk5NKbZGNNwYI15KOqR0tB3FkvW1f2uWEd1N5keZVUA=="
    }
  }
}
